
Microsoft Visual Studio Solution File, Format Version 12.00
# Visual Studio Version 16
VisualStudioVersion = 16.0.33423.256
MinimumVisualStudioVersion = 10.0.40219.1
Project("{FAE04EC0-301F-11D3-BF4B-00C04F79EFBC}") = "BikeShop", "BikeShop\BikeShop.csproj", "{3F4542C7-DA51-4414-93A0-39F1CB3FBF8E}"
EndProject
Global
	GlobalSection(SolutionConfigurationPlatforms) = preSolution
		Debug|Any CPU = Debug|Any CPU
		Release|Any CPU = Release|Any CPU
	EndGlobalSection
	GlobalSection(ProjectConfigurationPlatforms) = postSolution
		{3F4542C7-DA51-4414-93A0-39F1CB3FBF8E}.Debug|Any CPU.ActiveCfg = Debug|Any CPU
		{3F4542C7-DA51-4414-93A0-39F1CB3FBF8E}.Debug|Any CPU.Build.0 = Debug|Any CPU
		{3F4542C7-DA51-4414-93A0-39F1CB3FBF8E}.Release|Any CPU.ActiveCfg = Release|Any CPU
		{3F4542C7-DA51-4414-93A0-39F1CB3FBF8E}.Release|Any CPU.Build.0 = Release|Any CPU
	EndGlobalSection
	GlobalSection(SolutionProperties) = preSolution
		HideSolutionNode = FALSE
	EndGlobalSection
	GlobalSection(ExtensibilityGlobals) = postSolution
		SolutionGuid = {B3BC2D6E-2711-48B8-8727-FC13E8E5AE5C}
	EndGlobalSection
EndGlobal
