
Microsoft Visual Studio Solution File, Format Version 12.00
# Visual Studio Version 16
VisualStudioVersion = 16.0.33423.256
MinimumVisualStudioVersion = 10.0.40219.1
Project("{FAE04EC0-301F-11D3-BF4B-00C04F79EFBC}") = "training", "training\training.csproj", "{8090643C-4E15-4432-922B-955ED0B8FD1C}"
EndProject
Global
	GlobalSection(SolutionConfigurationPlatforms) = preSolution
		Debug|Any CPU = Debug|Any CPU
		Release|Any CPU = Release|Any CPU
	EndGlobalSection
	GlobalSection(ProjectConfigurationPlatforms) = postSolution
		{8090643C-4E15-4432-922B-955ED0B8FD1C}.Debug|Any CPU.ActiveCfg = Debug|Any CPU
		{8090643C-4E15-4432-922B-955ED0B8FD1C}.Debug|Any CPU.Build.0 = Debug|Any CPU
		{8090643C-4E15-4432-922B-955ED0B8FD1C}.Release|Any CPU.ActiveCfg = Release|Any CPU
		{8090643C-4E15-4432-922B-955ED0B8FD1C}.Release|Any CPU.Build.0 = Release|Any CPU
	EndGlobalSection
	GlobalSection(SolutionProperties) = preSolution
		HideSolutionNode = FALSE
	EndGlobalSection
	GlobalSection(ExtensibilityGlobals) = postSolution
		SolutionGuid = {14CBF92E-8A17-49DF-A1B2-EEF34E92BF1A}
	EndGlobalSection
EndGlobal
