
Microsoft Visual Studio Solution File, Format Version 12.00
# Visual Studio Version 16
VisualStudioVersion = 16.0.33423.256
MinimumVisualStudioVersion = 10.0.40219.1
Project("{FAE04EC0-301F-11D3-BF4B-00C04F79EFBC}") = "DrowDownMenu", "DrowDownMenu\DrowDownMenu.csproj", "{459F0BB3-12D1-4148-8AD6-1A9262ACA28B}"
EndProject
Global
	GlobalSection(SolutionConfigurationPlatforms) = preSolution
		Debug|Any CPU = Debug|Any CPU
		Release|Any CPU = Release|Any CPU
	EndGlobalSection
	GlobalSection(ProjectConfigurationPlatforms) = postSolution
		{459F0BB3-12D1-4148-8AD6-1A9262ACA28B}.Debug|Any CPU.ActiveCfg = Debug|Any CPU
		{459F0BB3-12D1-4148-8AD6-1A9262ACA28B}.Debug|Any CPU.Build.0 = Debug|Any CPU
		{459F0BB3-12D1-4148-8AD6-1A9262ACA28B}.Release|Any CPU.ActiveCfg = Release|Any CPU
		{459F0BB3-12D1-4148-8AD6-1A9262ACA28B}.Release|Any CPU.Build.0 = Release|Any CPU
	EndGlobalSection
	GlobalSection(SolutionProperties) = preSolution
		HideSolutionNode = FALSE
	EndGlobalSection
	GlobalSection(ExtensibilityGlobals) = postSolution
		SolutionGuid = {28F59C1E-5B25-454E-89CB-1B39187B4E17}
	EndGlobalSection
EndGlobal
